<?xml version="1.0" encoding="utf-8"?>
<Project ToolsVersion="4.0" xmlns="http://schemas.microsoft.com/developer/msbuild/2003">
  <ItemGroup>
    <ClCompile Include="Board.cpp">
      <Filter>Source Files</Filter>
    </ClCompile>
    <ClCompile Include="Game.cpp">
      <Filter>Source Files</Filter>
    </ClCompile>
    <ClCompile Include="Piece.cpp">
      <Filter>Source Files</Filter>
    </ClCompile>
    <ClCompile Include="EasyStrategy.cpp">
      <Filter>Source Files</Filter>
    </ClCompile>
    <ClCompile Include="Logger.cpp">
      <Filter>Source Files</Filter>
    </ClCompile>
    <ClCompile Include="MediumStartegy.cpp">
      <Filter>Source Files</Filter>
    </ClCompile>
    <ClCompile Include="Random.cpp">
      <Filter>Source Files</Filter>
    </ClCompile>
    <ClCompile Include="Timer.cpp">
      <Filter>Source Files</Filter>
    </ClCompile>
  </ItemGroup>
  <ItemGroup>
    <ClInclude Include="Board.h">
      <Filter>Header Files</Filter>
    </ClInclude>
    <ClInclude Include="Game.h">
      <Filter>Header Files</Filter>
    </ClInclude>
    <ClInclude Include="IGame.h">
      <Filter>Header Files\API</Filter>
    </ClInclude>
    <ClInclude Include="EState.h">
      <Filter>Header Files\API</Filter>
    </ClInclude>
    <ClInclude Include="EGameType.h">
      <Filter>Header Files\API</Filter>
    </ClInclude>
    <ClInclude Include="EColor.h">
      <Filter>Header Files\API</Filter>
    </ClInclude>
    <ClInclude Include="EPlayer.h">
      <Filter>Header Files\API</Filter>
    </ClInclude>
    <ClInclude Include="Piece.h">
      <Filter>Header Files</Filter>
    </ClInclude>
    <ClInclude Include="IPiece.h">
      <Filter>Header Files\API</Filter>
    </ClInclude>
    <ClInclude Include="IGameListener.h">
      <Filter>Header Files\API</Filter>
    </ClInclude>
    <ClInclude Include="EMessageType.h">
      <Filter>Header Files</Filter>
    </ClInclude>
    <ClInclude Include="EGameExceptions.h">
      <Filter>Header Files\API</Filter>
    </ClInclude>
    <ClInclude Include="Logger.h">
      <Filter>Header Files</Filter>
    </ClInclude>
    <ClInclude Include="IStrategy.h">
      <Filter>Header Files\API</Filter>
    </ClInclude>
    <ClInclude Include="EasyStrategy.h">
      <Filter>Header Files</Filter>
    </ClInclude>
    <ClInclude Include="MediumStartegy.h">
      <Filter>Header Files</Filter>
    </ClInclude>
    <ClInclude Include="Random.h">
      <Filter>Header Files</Filter>
    </ClInclude>
    <ClInclude Include="Using.h">
      <Filter>Header Files\API</Filter>
    </ClInclude>
    <ClInclude Include="CustomStrategy.h">
      <Filter>Header Files</Filter>
    </ClInclude>
    <ClInclude Include="Timer.h">
      <Filter>Header Files</Filter>
    </ClInclude>
  </ItemGroup>
  <ItemGroup>
    <Filter Include="Header Files">
      <UniqueIdentifier>{4d607806-2dc9-4ca8-b45a-d75e0b942039}</UniqueIdentifier>
    </Filter>
    <Filter Include="Source Files">
      <UniqueIdentifier>{8c07cd22-c71f-4419-b3d4-a6ddd48947ed}</UniqueIdentifier>
    </Filter>
    <Filter Include="Header Files\API">
      <UniqueIdentifier>{d2feae3b-be4e-4b9d-b4e5-148ddf2225eb}</UniqueIdentifier>
    </Filter>
  </ItemGroup>
</Project>