
Microsoft Visual Studio Solution File, Format Version 12.00
# Visual Studio Version 16
VisualStudioVersion = 16.0.34931.43
MinimumVisualStudioVersion = 10.0.40219.1
Project("{8BC9CEB8-8B4A-11D0-8D11-00A0C91BC942}") = "ClientServer", "ClientServer\ClientServer.vcxproj", "{CBE5DCA1-233B-4688-86C4-BB3697F9BAAB}"
	ProjectSection(ProjectDependencies) = postProject
		{11E7E7E7-D523-4FE3-879E-617B68C17B3A} = {11E7E7E7-D523-4FE3-879E-617B68C17B3A}
	EndProjectSection
EndProject
Project("{8BC9CEB8-8B4A-11D0-8D11-00A0C91BC942}") = "ClientMoara", "Client\Client.vcxproj", "{11E7E7E7-D523-4FE3-879E-617B68C17B3A}"
EndProject
Global
	GlobalSection(SolutionConfigurationPlatforms) = preSolution
		Debug|x64 = Debug|x64
		Debug|x86 = Debug|x86
		Release|x64 = Release|x64
		Release|x86 = Release|x86
	EndGlobalSection
	GlobalSection(ProjectConfigurationPlatforms) = postSolution
		{CBE5DCA1-233B-4688-86C4-BB3697F9BAAB}.Debug|x64.ActiveCfg = Debug|x64
		{CBE5DCA1-233B-4688-86C4-BB3697F9BAAB}.Debug|x64.Build.0 = Debug|x64
		{CBE5DCA1-233B-4688-86C4-BB3697F9BAAB}.Debug|x86.ActiveCfg = Debug|x64
		{CBE5DCA1-233B-4688-86C4-BB3697F9BAAB}.Release|x64.ActiveCfg = Release|x64
		{CBE5DCA1-233B-4688-86C4-BB3697F9BAAB}.Release|x64.Build.0 = Release|x64
		{CBE5DCA1-233B-4688-86C4-BB3697F9BAAB}.Release|x86.ActiveCfg = Release|x64
		{11E7E7E7-D523-4FE3-879E-617B68C17B3A}.Debug|x64.ActiveCfg = Debug|x64
		{11E7E7E7-D523-4FE3-879E-617B68C17B3A}.Debug|x64.Build.0 = Debug|x64
		{11E7E7E7-D523-4FE3-879E-617B68C17B3A}.Debug|x86.ActiveCfg = Debug|Win32
		{11E7E7E7-D523-4FE3-879E-617B68C17B3A}.Debug|x86.Build.0 = Debug|Win32
		{11E7E7E7-D523-4FE3-879E-617B68C17B3A}.Release|x64.ActiveCfg = Release|x64
		{11E7E7E7-D523-4FE3-879E-617B68C17B3A}.Release|x64.Build.0 = Release|x64
		{11E7E7E7-D523-4FE3-879E-617B68C17B3A}.Release|x86.ActiveCfg = Release|Win32
		{11E7E7E7-D523-4FE3-879E-617B68C17B3A}.Release|x86.Build.0 = Release|Win32
	EndGlobalSection
	GlobalSection(SolutionProperties) = preSolution
		HideSolutionNode = FALSE
	EndGlobalSection
	GlobalSection(ExtensibilityGlobals) = postSolution
		SolutionGuid = {70B1FE8D-91AC-47E3-AD59-B6916252E51C}
	EndGlobalSection
EndGlobal
